
Microsoft Visual Studio Solution File, Format Version 12.00
# Visual Studio Version 17
VisualStudioVersion = 17.11.35219.272
MinimumVisualStudioVersion = 10.0.40219.1
Project("{9A19103F-16F7-4668-BE54-9A1E7A4F7556}") = "AntiCrash", "AntiCrash/AntiCrash.csproj", "{1B540122-F8F8-4200-A385-EFFBC6EEF526}"
EndProject
Global
	GlobalSection(SolutionConfigurationPlatforms) = preSolution
		Debug|Any CPU = Debug|Any CPU
		Release|Any CPU = Release|Any CPU
	EndGlobalSection
	GlobalSection(ProjectConfigurationPlatforms) = postSolution
		{1B540122-F8F8-4200-A385-EFFBC6EEF526}.Debug|Any CPU.ActiveCfg = Debug|Any CPU
		{1B540122-F8F8-4200-A385-EFFBC6EEF526}.Debug|Any CPU.Build.0 = Debug|Any CPU
		{1B540122-F8F8-4200-A385-EFFBC6EEF526}.Release|Any CPU.ActiveCfg = Release|Any CPU
		{1B540122-F8F8-4200-A385-EFFBC6EEF526}.Release|Any CPU.Build.0 = Release|Any CPU
	EndGlobalSection
	GlobalSection(SolutionProperties) = preSolution
		HideSolutionNode = FALSE
	EndGlobalSection
	GlobalSection(ExtensibilityGlobals) = postSolution
		SolutionGuid = {2B061F02-49FB-4CB4-9837-E3F4A3DE4EE8}
	EndGlobalSection
EndGlobal
